
Microsoft Visual Studio Solution File, Format Version 12.00
# Visual Studio Version 16
VisualStudioVersion = 16.0.31205.134
MinimumVisualStudioVersion = 10.0.40219.1
Project("{FAE04EC0-301F-11D3-BF4B-00C04F79EFBC}") = "LifeOrDeath11A", "LifeOrDeath11A.csproj", "{76AFD072-0D23-4316-BDC1-4D1665483CE1}"
EndProject
Global
	GlobalSection(SolutionConfigurationPlatforms) = preSolution
		Debug|Any CPU = Debug|Any CPU
		Release|Any CPU = Release|Any CPU
	EndGlobalSection
	GlobalSection(ProjectConfigurationPlatforms) = postSolution
		{76AFD072-0D23-4316-BDC1-4D1665483CE1}.Debug|Any CPU.ActiveCfg = Debug|Any CPU
		{76AFD072-0D23-4316-BDC1-4D1665483CE1}.Debug|Any CPU.Build.0 = Debug|Any CPU
		{76AFD072-0D23-4316-BDC1-4D1665483CE1}.Release|Any CPU.ActiveCfg = Release|Any CPU
		{76AFD072-0D23-4316-BDC1-4D1665483CE1}.Release|Any CPU.Build.0 = Release|Any CPU
	EndGlobalSection
	GlobalSection(SolutionProperties) = preSolution
		HideSolutionNode = FALSE
	EndGlobalSection
	GlobalSection(ExtensibilityGlobals) = postSolution
		SolutionGuid = {97D29D15-2294-47C2-8EC1-A34CEC9F868D}
	EndGlobalSection
EndGlobal
